
Microsoft Visual Studio Solution File, Format Version 12.00
# Visual Studio Version 17
VisualStudioVersion = 17.0.31903.59
MinimumVisualStudioVersion = 10.0.40219.1
Project("{2150E333-8FDC-42A3-9474-1A3956D46DE8}") = "src", "src", "{5EDF25CA-7369-4709-A5B9-BB0F93F6C538}"
EndProject
Project("{9A19103F-16F7-4668-BE54-9A1E7A4F7556}") = "GestionSolicitudes.Domain", "src\GestionSolicitudes.Domain\GestionSolicitudes.Domain.csproj", "{3B98842B-8CFD-4782-BED4-6C0DB7FD97CF}"
EndProject
Project("{9A19103F-16F7-4668-BE54-9A1E7A4F7556}") = "GestionSolicitudes.Application", "src\GestionSolicitudes.Application\GestionSolicitudes.Application.csproj", "{FDCC6860-383E-4986-94CE-61A12CDE94CC}"
EndProject
Project("{9A19103F-16F7-4668-BE54-9A1E7A4F7556}") = "GestionSolicitudes.Infrastructure", "src\GestionSolicitudes.Infrastructure\GestionSolicitudes.Infrastructure.csproj", "{960550EE-BBA3-4FBE-B7CB-E4C69CA9DBE9}"
EndProject
Project("{9A19103F-16F7-4668-BE54-9A1E7A4F7556}") = "GestionSolicitudes.Api", "src\GestionSolicitudes.Api\GestionSolicitudes.Api.csproj", "{7B72CF27-CCDD-482F-B69C-AAD2177EACCF}"
EndProject
Global
	GlobalSection(SolutionConfigurationPlatforms) = preSolution
		Debug|Any CPU = Debug|Any CPU
		Release|Any CPU = Release|Any CPU
	EndGlobalSection
	GlobalSection(ProjectConfigurationPlatforms) = postSolution
		{3B98842B-8CFD-4782-BED4-6C0DB7FD97CF}.Debug|Any CPU.ActiveCfg = Debug|Any CPU
		{3B98842B-8CFD-4782-BED4-6C0DB7FD97CF}.Debug|Any CPU.Build.0 = Debug|Any CPU
		{3B98842B-8CFD-4782-BED4-6C0DB7FD97CF}.Release|Any CPU.ActiveCfg = Release|Any CPU
		{3B98842B-8CFD-4782-BED4-6C0DB7FD97CF}.Release|Any CPU.Build.0 = Release|Any CPU
		{FDCC6860-383E-4986-94CE-61A12CDE94CC}.Debug|Any CPU.ActiveCfg = Debug|Any CPU
		{FDCC6860-383E-4986-94CE-61A12CDE94CC}.Debug|Any CPU.Build.0 = Debug|Any CPU
		{FDCC6860-383E-4986-94CE-61A12CDE94CC}.Release|Any CPU.ActiveCfg = Release|Any CPU
		{FDCC6860-383E-4986-94CE-61A12CDE94CC}.Release|Any CPU.Build.0 = Release|Any CPU
		{960550EE-BBA3-4FBE-B7CB-E4C69CA9DBE9}.Debug|Any CPU.ActiveCfg = Debug|Any CPU
		{960550EE-BBA3-4FBE-B7CB-E4C69CA9DBE9}.Debug|Any CPU.Build.0 = Debug|Any CPU
		{960550EE-BBA3-4FBE-B7CB-E4C69CA9DBE9}.Release|Any CPU.ActiveCfg = Release|Any CPU
		{960550EE-BBA3-4FBE-B7CB-E4C69CA9DBE9}.Release|Any CPU.Build.0 = Release|Any CPU
		{7B72CF27-CCDD-482F-B69C-AAD2177EACCF}.Debug|Any CPU.ActiveCfg = Debug|Any CPU
		{7B72CF27-CCDD-482F-B69C-AAD2177EACCF}.Debug|Any CPU.Build.0 = Debug|Any CPU
		{7B72CF27-CCDD-482F-B69C-AAD2177EACCF}.Release|Any CPU.ActiveCfg = Release|Any CPU
		{7B72CF27-CCDD-482F-B69C-AAD2177EACCF}.Release|Any CPU.Build.0 = Release|Any CPU
	EndGlobalSection
	GlobalSection(SolutionProperties) = preSolution
		HideSolutionNode = FALSE
	EndGlobalSection
	GlobalSection(NestedProjects) = preSolution
		{3B98842B-8CFD-4782-BED4-6C0DB7FD97CF} = {5EDF25CA-7369-4709-A5B9-BB0F93F6C538}
		{FDCC6860-383E-4986-94CE-61A12CDE94CC} = {5EDF25CA-7369-4709-A5B9-BB0F93F6C538}
		{960550EE-BBA3-4FBE-B7CB-E4C69CA9DBE9} = {5EDF25CA-7369-4709-A5B9-BB0F93F6C538}
		{7B72CF27-CCDD-482F-B69C-AAD2177EACCF} = {5EDF25CA-7369-4709-A5B9-BB0F93F6C538}
	EndGlobalSection
	GlobalSection(ExtensibilityGlobals) = postSolution
		SolutionGuid = {1E5D9C42-2653-4BAF-B8C2-9FEE834F0867}
	EndGlobalSection
EndGlobal
